// !$*UTF8*$!
{
	archiveVersion = 1;
	classes = {
	};
	objectVersion = 77;
	objects = {

/* Begin PBXContainerItemProxy section */
		8EDA36272D7FE28900879B46 /* PBXContainerItemProxy */ = {
			isa = PBXContainerItemProxy;
			containerPortal = 8EDA360E2D7FE28700879B46 /* Project object */;
			proxyType = 1;
			remoteGlobalIDString = 8EDA36152D7FE28800879B46;
			remoteInfo = Michael.TradingZone;
		};
		8EDA36312D7FE28900879B46 /* PBXContainerItemProxy */ = {
			isa = PBXContainerItemProxy;
			containerPortal = 8EDA360E2D7FE28700879B46 /* Project object */;
			proxyType = 1;
			remoteGlobalIDString = 8EDA36152D7FE28800879B46;
			remoteInfo = Michael.TradingZone;
		};
/* End PBXContainerItemProxy section */

/* Begin PBXFileReference section */
		8EDA36162D7FE28800879B46 /* Michael.TradingZone.app */ = {isa = PBXFileReference; explicitFileType = wrapper.application; includeInIndex = 0; path = Michael.TradingZone.app; sourceTree = BUILT_PRODUCTS_DIR; };
		8EDA36262D7FE28900879B46 /* Michael.TradingZoneTests.xctest */ = {isa = PBXFileReference; explicitFileType = wrapper.cfbundle; includeInIndex = 0; path = Michael.TradingZoneTests.xctest; sourceTree = BUILT_PRODUCTS_DIR; };
		8EDA36302D7FE28900879B46 /* Michael.TradingZoneUITests.xctest */ = {isa = PBXFileReference; explicitFileType = wrapper.cfbundle; includeInIndex = 0; path = Michael.TradingZoneUITests.xctest; sourceTree = BUILT_PRODUCTS_DIR; };
/* End PBXFileReference section */

/* Begin PBXFileSystemSynchronizedBuildFileExceptionSet section */
		8EDA36492D7FE31800879B46 /* Exceptions for "Michael.TradingZone" folder in "Michael.TradingZoneTests" target */ = {
			isa = PBXFileSystemSynchronizedBuildFileExceptionSet;
			membershipExceptions = (
				DashboardView.swift,
				GamificationView.swift,
				LeaderboardView.swift,
				MainTabView.swift,
				MarketDataView.swift,
				MarketItem.swift,
				MarketView.swift,
				NewDashBoardView.swift,
				PortfolioView.swift,
				SettingsView.swift,
				WebSocketManager.swift,
			);
			target = 8EDA36252D7FE28900879B46 /* Michael.TradingZoneTests */;
		};
		8EDA364A2D7FE31800879B46 /* Exceptions for "Michael.TradingZone" folder in "Michael.TradingZoneUITests" target */ = {
			isa = PBXFileSystemSynchronizedBuildFileExceptionSet;
			membershipExceptions = (
				DashboardView.swift,
				GamificationView.swift,
				LeaderboardView.swift,
				MainTabView.swift,
				MarketDataView.swift,
				MarketItem.swift,
				MarketView.swift,
				NewDashBoardView.swift,
				PortfolioView.swift,
				SettingsView.swift,
				WebSocketManager.swift,
			);
			target = 8EDA362F2D7FE28900879B46 /* Michael.TradingZoneUITests */;
		};
/* End PBXFileSystemSynchronizedBuildFileExceptionSet section */

/* Begin PBXFileSystemSynchronizedRootGroup section */
		8EDA36182D7FE28800879B46 /* Michael.TradingZone */ = {
			isa = PBXFileSystemSynchronizedRootGroup;
			exceptions = (
				8EDA36492D7FE31800879B46 /* Exceptions for "Michael.TradingZone" folder in "Michael.TradingZoneTests" target */,
				8EDA364A2D7FE31800879B46 /* Exceptions for "Michael.TradingZone" folder in "Michael.TradingZoneUITests" target */,
			);
			path = Michael.TradingZone;
			sourceTree = "<group>";
		};
		8EDA36292D7FE28900879B46 /* Michael.TradingZoneTests */ = {
			isa = PBXFileSystemSynchronizedRootGroup;
			path = Michael.TradingZoneTests;
			sourceTree = "<group>";
		};
		8EDA36332D7FE28900879B46 /* Michael.TradingZoneUITests */ = {
			isa = PBXFileSystemSynchronizedRootGroup;
			path = Michael.TradingZoneUITests;
			sourceTree = "<group>";
		};
/* End PBXFileSystemSynchronizedRootGroup section */

/* Begin PBXFrameworksBuildPhase section */
		8EDA36132D7FE28800879B46 /* Frameworks */ = {
			isa = PBXFrameworksBuildPhase;
			buildActionMask = 2147483647;
			files = (
			);
			runOnlyForDeploymentPostprocessing = 0;
		};
		8EDA36232D7FE28900879B46 /* Frameworks */ = {
			isa = PBXFrameworksBuildPhase;
			buildActionMask = 2147483647;
			files = (
			);
			runOnlyForDeploymentPostprocessing = 0;
		};
		8EDA362D2D7FE28900879B46 /* Frameworks */ = {
			isa = PBXFrameworksBuildPhase;
			buildActionMask = 2147483647;
			files = (
			);
			runOnlyForDeploymentPostprocessing = 0;
		};
/* End PBXFrameworksBuildPhase section */

/* Begin PBXGroup section */
		8EDA360D2D7FE28700879B46 = {
			isa = PBXGroup;
			children = (
				8EDA36182D7FE28800879B46 /* Michael.TradingZone */,
				8EDA36292D7FE28900879B46 /* Michael.TradingZoneTests */,
				8EDA36332D7FE28900879B46 /* Michael.TradingZoneUITests */,
				8EDA36172D7FE28800879B46 /* Products */,
			);
			sourceTree = "<group>";
		};
		8EDA36172D7FE28800879B46 /* Products */ = {
			isa = PBXGroup;
			children = (
				8EDA36162D7FE28800879B46 /* Michael.TradingZone.app */,
				8EDA36262D7FE28900879B46 /* Michael.TradingZoneTests.xctest */,
				8EDA36302D7FE28900879B46 /* Michael.TradingZoneUITests.xctest */,
			);
			name = Products;
			sourceTree = "<group>";
		};
/* End PBXGroup section */

/* Begin PBXNativeTarget section */
		8EDA36152D7FE28800879B46 /* Michael.TradingZone */ = {
			isa = PBXNativeTarget;
			buildConfigurationList = 8EDA363A2D7FE28900879B46 /* Build configuration list for PBXNativeTarget "Michael.TradingZone" */;
			buildPhases = (
				8EDA36122D7FE28800879B46 /* Sources */,
				8EDA36132D7FE28800879B46 /* Frameworks */,
				8EDA36142D7FE28800879B46 /* Resources */,
			);
			buildRules = (
			);
			dependencies = (
			);
			fileSystemSynchronizedGroups = (
				8EDA36182D7FE28800879B46 /* Michael.TradingZone */,
			);
			name = Michael.TradingZone;
			packageProductDependencies = (
			);
			productName = Michael.TradingZone;
			productReference = 8EDA36162D7FE28800879B46 /* Michael.TradingZone.app */;
			productType = "com.apple.product-type.application";
		};
		8EDA36252D7FE28900879B46 /* Michael.TradingZoneTests */ = {
			isa = PBXNativeTarget;
			buildConfigurationList = 8EDA363D2D7FE28900879B46 /* Build configuration list for PBXNativeTarget "Michael.TradingZoneTests" */;
			buildPhases = (
				8EDA36222D7FE28900879B46 /* Sources */,
				8EDA36232D7FE28900879B46 /* Frameworks */,
				8EDA36242D7FE28900879B46 /* Resources */,
			);
			buildRules = (
			);
			dependencies = (
				8EDA36282D7FE28900879B46 /* PBXTargetDependency */,
			);
			fileSystemSynchronizedGroups = (
				8EDA36292D7FE28900879B46 /* Michael.TradingZoneTests */,
			);
			name = Michael.TradingZoneTests;
			packageProductDependencies = (
			);
			productName = Michael.TradingZoneTests;
			productReference = 8EDA36262D7FE28900879B46 /* Michael.TradingZoneTests.xctest */;
			productType = "com.apple.product-type.bundle.unit-test";
		};
		8EDA362F2D7FE28900879B46 /* Michael.TradingZoneUITests */ = {
			isa = PBXNativeTarget;
			buildConfigurationList = 8EDA36402D7FE28900879B46 /* Build configuration list for PBXNativeTarget "Michael.TradingZoneUITests" */;
			buildPhases = (
				8EDA362C2D7FE28900879B46 /* Sources */,
				8EDA362D2D7FE28900879B46 /* Frameworks */,
				8EDA362E2D7FE28900879B46 /* Resources */,
			);
			buildRules = (
			);
			dependencies = (
				8EDA36322D7FE28900879B46 /* PBXTargetDependency */,
			);
			fileSystemSynchronizedGroups = (
				8EDA36332D7FE28900879B46 /* Michael.TradingZoneUITests */,
			);
			name = Michael.TradingZoneUITests;
			packageProductDependencies = (
			);
			productName = Michael.TradingZoneUITests;
			productReference = 8EDA36302D7FE28900879B46 /* Michael.TradingZoneUITests.xctest */;
			productType = "com.apple.product-type.bundle.ui-testing";
		};
/* End PBXNativeTarget section */

/* Begin PBXProject section */
		8EDA360E2D7FE28700879B46 /* Project object */ = {
			isa = PBXProject;
			attributes = {
				BuildIndependentTargetsInParallel = 1;
				LastSwiftUpdateCheck = 1620;
				LastUpgradeCheck = 1620;
				TargetAttributes = {
					8EDA36152D7FE28800879B46 = {
						CreatedOnToolsVersion = 16.2;
					};
					8EDA36252D7FE28900879B46 = {
						CreatedOnToolsVersion = 16.2;
						TestTargetID = 8EDA36152D7FE28800879B46;
					};
					8EDA362F2D7FE28900879B46 = {
						CreatedOnToolsVersion = 16.2;
						TestTargetID = 8EDA36152D7FE28800879B46;
					};
				};
			};
			buildConfigurationList = 8EDA36112D7FE28700879B46 /* Build configuration list for PBXProject "Michael.TradingZone" */;
			developmentRegion = en;
			hasScannedForEncodings = 0;
			knownRegions = (
				en,
				Base,
			);
			mainGroup = 8EDA360D2D7FE28700879B46;
			minimizedProjectReferenceProxies = 1;
			preferredProjectObjectVersion = 77;
			productRefGroup = 8EDA36172D7FE28800879B46 /* Products */;
			projectDirPath = "";
			projectRoot = "";
			targets = (
				8EDA36152D7FE28800879B46 /* Michael.TradingZone */,
				8EDA36252D7FE28900879B46 /* Michael.TradingZoneTests */,
				8EDA362F2D7FE28900879B46 /* Michael.TradingZoneUITests */,
			);
		};
/* End PBXProject section */

/* Begin PBXResourcesBuildPhase section */
		8EDA36142D7FE28800879B46 /* Resources */ = {
			isa = PBXResourcesBuildPhase;
			buildActionMask = 2147483647;
			files = (
			);
			runOnlyForDeploymentPostprocessing = 0;
		};
		8EDA36242D7FE28900879B46 /* Resources */ = {
			isa = PBXResourcesBuildPhase;
			buildActionMask = 2147483647;
			files = (
			);
			runOnlyForDeploymentPostprocessing = 0;
		};
		8EDA362E2D7FE28900879B46 /* Resources */ = {
			isa = PBXResourcesBuildPhase;
			buildActionMask = 2147483647;
			files = (
			);
			runOnlyForDeploymentPostprocessing = 0;
		};
/* End PBXResourcesBuildPhase section */

/* Begin PBXSourcesBuildPhase section */
		8EDA36122D7FE28800879B46 /* Sources */ = {
			isa = PBXSourcesBuildPhase;
			buildActionMask = 2147483647;
			files = (
			);
			runOnlyForDeploymentPostprocessing = 0;
		};
		8EDA36222D7FE28900879B46 /* Sources */ = {
			isa = PBXSourcesBuildPhase;
			buildActionMask = 2147483647;
			files = (
			);
			runOnlyForDeploymentPostprocessing = 0;
		};
		8EDA362C2D7FE28900879B46 /* Sources */ = {
			isa = PBXSourcesBuildPhase;
			buildActionMask = 2147483647;
			files = (
			);
			runOnlyForDeploymentPostprocessing = 0;
		};
/* End PBXSourcesBuildPhase section */

/* Begin PBXTargetDependency section */
		8EDA36282D7FE28900879B46 /* PBXTargetDependency */ = {
			isa = PBXTargetDependency;
			target = 8EDA36152D7FE28800879B46 /* Michael.TradingZone */;
			targetProxy = 8EDA36272D7FE28900879B46 /* PBXContainerItemProxy */;
		};
		8EDA36322D7FE28900879B46 /* PBXTargetDependency */ = {
			isa = PBXTargetDependency;
			target = 8EDA36152D7FE28800879B46 /* Michael.TradingZone */;
			targetProxy = 8EDA36312D7FE28900879B46 /* PBXContainerItemProxy */;
		};
/* End PBXTargetDependency section */

/* Begin XCBuildConfiguration section */
		8EDA36382D7FE28900879B46 /* Debug */ = {
			isa = XCBuildConfiguration;
			buildSettings = {
				ALWAYS_SEARCH_USER_PATHS = NO;
				ASSETCATALOG_COMPILER_GENERATE_SWIFT_ASSET_SYMBOL_EXTENSIONS = YES;
				CLANG_ANALYZER_NONNULL = YES;
				CLANG_ANALYZER_NUMBER_OBJECT_CONVERSION = YES_AGGRESSIVE;
				CLANG_CXX_LANGUAGE_STANDARD = "gnu++20";
				CLANG_ENABLE_MODULES = YES;
				CLANG_ENABLE_OBJC_ARC = YES;
				CLANG_ENABLE_OBJC_WEAK = YES;
				CLANG_WARN_BLOCK_CAPTURE_AUTORELEASING = YES;
				CLANG_WARN_BOOL_CONVERSION = YES;
				CLANG_WARN_COMMA = YES;
				CLANG_WARN_CONSTANT_CONVERSION = YES;
				CLANG_WARN_DEPRECATED_OBJC_IMPLEMENTATIONS = YES;
				CLANG_WARN_DIRECT_OBJC_ISA_USAGE = YES_ERROR;
				CLANG_WARN_DOCUMENTATION_COMMENTS = YES;
				CLANG_WARN_EMPTY_BODY = YES;
				CLANG_WARN_ENUM_CONVERSION = YES;
				CLANG_WARN_INFINITE_RECURSION = YES;
				CLANG_WARN_INT_CONVERSION = YES;
				CLANG_WARN_NON_LITERAL_NULL_CONVERSION = YES;
				CLANG_WARN_OBJC_IMPLICIT_RETAIN_SELF = YES;
				CLANG_WARN_OBJC_LITERAL_CONVERSION = YES;
				CLANG_WARN_OBJC_ROOT_CLASS = YES_ERROR;
				CLANG_WARN_QUOTED_INCLUDE_IN_FRAMEWORK_HEADER = YES;
				CLANG_WARN_RANGE_LOOP_ANALYSIS = YES;
				CLANG_WARN_STRICT_PROTOTYPES = YES;
				CLANG_WARN_SUSPICIOUS_MOVE = YES;
				CLANG_WARN_UNGUARDED_AVAILABILITY = YES_AGGRESSIVE;
				CLANG_WARN_UNREACHABLE_CODE = YES;
				CLANG_WARN__DUPLICATE_METHOD_MATCH = YES;
				COPY_PHASE_STRIP = NO;
				DEBUG_INFORMATION_FORMAT = dwarf;
				ENABLE_STRICT_OBJC_MSGSEND = YES;
				ENABLE_TESTABILITY = YES;
				ENABLE_USER_SCRIPT_SANDBOXING = YES;
				GCC_C_LANGUAGE_STANDARD = gnu17;
				GCC_DYNAMIC_NO_PIC = NO;
				GCC_NO_COMMON_BLOCKS = YES;
				GCC_OPTIMIZATION_LEVEL = 0;
				GCC_PREPROCESSOR_DEFINITIONS = (
					"DEBUG=1",
					"$(inherited)",
				);
				GCC_WARN_64_TO_32_BIT_CONVERSION = YES;
				GCC_WARN_ABOUT_RETURN_TYPE = YES_ERROR;
				GCC_WARN_UNDECLARED_SELECTOR = YES;
				GCC_WARN_UNINITIALIZED_AUTOS = YES_AGGRESSIVE;
				GCC_WARN_UNUSED_FUNCTION = YES;
				GCC_WARN_UNUSED_VARIABLE = YES;
				IPHONEOS_DEPLOYMENT_TARGET = 18.2;
				LOCALIZATION_PREFERS_STRING_CATALOGS = YES;
				MTL_ENABLE_DEBUG_INFO = INCLUDE_SOURCE;
				MTL_FAST_MATH = YES;
				ONLY_ACTIVE_ARCH = YES;
				SDKROOT = iphoneos;
				SWIFT_ACTIVE_COMPILATION_CONDITIONS = "DEBUG $(inherited)";
				SWIFT_OPTIMIZATION_LEVEL = "-Onone";
			};
			name = Debug;
		};
		8EDA36392D7FE28900879B46 /* Release */ = {
			isa = XCBuildConfiguration;
			buildSettings = {
				ALWAYS_SEARCH_USER_PATHS = NO;
				ASSETCATALOG_COMPILER_GENERATE_SWIFT_ASSET_SYMBOL_EXTENSIONS = YES;
				CLANG_ANALYZER_NONNULL = YES;
				CLANG_ANALYZER_NUMBER_OBJECT_CONVERSION = YES_AGGRESSIVE;
				CLANG_CXX_LANGUAGE_STANDARD = "gnu++20";
				CLANG_ENABLE_MODULES = YES;
				CLANG_ENABLE_OBJC_ARC = YES;
				CLANG_ENABLE_OBJC_WEAK = YES;
				CLANG_WARN_BLOCK_CAPTURE_AUTORELEASING = YES;
				CLANG_WARN_BOOL_CONVERSION = YES;
				CLANG_WARN_COMMA = YES;
				CLANG_WARN_CONSTANT_CONVERSION = YES;
				CLANG_WARN_DEPRECATED_OBJC_IMPLEMENTATIONS = YES;
				CLANG_WARN_DIRECT_OBJC_ISA_USAGE = YES_ERROR;
				CLANG_WARN_DOCUMENTATION_COMMENTS = YES;
				CLANG_WARN_EMPTY_BODY = YES;
				CLANG_WARN_ENUM_CONVERSION = YES;
				CLANG_WARN_INFINITE_RECURSION = YES;
				CLANG_WARN_INT_CONVERSION = YES;
				CLANG_WARN_NON_LITERAL_NULL_CONVERSION = YES;
				CLANG_WARN_OBJC_IMPLICIT_RETAIN_SELF = YES;
				CLANG_WARN_OBJC_LITERAL_CONVERSION = YES;
				CLANG_WARN_OBJC_ROOT_CLASS = YES_ERROR;
				CLANG_WARN_QUOTED_INCLUDE_IN_FRAMEWORK_HEADER = YES;
				CLANG_WARN_RANGE_LOOP_ANALYSIS = YES;
				CLANG_WARN_STRICT_PROTOTYPES = YES;
				CLANG_WARN_SUSPICIOUS_MOVE = YES;
				CLANG_WARN_UNGUARDED_AVAILABILITY = YES_AGGRESSIVE;
				CLANG_WARN_UNREACHABLE_CODE = YES;
				CLANG_WARN__DUPLICATE_METHOD_MATCH = YES;
				COPY_PHASE_STRIP = NO;
				DEBUG_INFORMATION_FORMAT = "dwarf-with-dsym";
				ENABLE_NS_ASSERTIONS = NO;
				ENABLE_STRICT_OBJC_MSGSEND = YES;
				ENABLE_USER_SCRIPT_SANDBOXING = YES;
				GCC_C_LANGUAGE_STANDARD = gnu17;
				GCC_NO_COMMON_BLOCKS = YES;
				GCC_WARN_64_TO_32_BIT_CONVERSION = YES;
				GCC_WARN_ABOUT_RETURN_TYPE = YES_ERROR;
				GCC_WARN_UNDECLARED_SELECTOR = YES;
				GCC_WARN_UNINITIALIZED_AUTOS = YES_AGGRESSIVE;
				GCC_WARN_UNUSED_FUNCTION = YES;
				GCC_WARN_UNUSED_VARIABLE = YES;
				IPHONEOS_DEPLOYMENT_TARGET = 18.2;
				LOCALIZATION_PREFERS_STRING_CATALOGS = YES;
				MTL_ENABLE_DEBUG_INFO = NO;
				MTL_FAST_MATH = YES;
				SDKROOT = iphoneos;
				SWIFT_COMPILATION_MODE = wholemodule;
				VALIDATE_PRODUCT = YES;
			};
			name = Release;
		};
		8EDA363B2D7FE28900879B46 /* Debug */ = {
			isa = XCBuildConfiguration;
			buildSettings = {
				ASSETCATALOG_COMPILER_APPICON_NAME = AppIcon;
				ASSETCATALOG_COMPILER_GLOBAL_ACCENT_COLOR_NAME = AccentColor;
				CODE_SIGN_STYLE = Automatic;
				CURRENT_PROJECT_VERSION = 1;
				DEVELOPMENT_ASSET_PATHS = "\"Michael.TradingZone/Preview Content\"";
				DEVELOPMENT_TEAM = LY6CJ3S9TD;
				ENABLE_PREVIEWS = YES;
				GENERATE_INFOPLIST_FILE = YES;
				INFOPLIST_KEY_UIApplicationSceneManifest_Generation = YES;
				INFOPLIST_KEY_UIApplicationSupportsIndirectInputEvents = YES;
				INFOPLIST_KEY_UILaunchScreen_Generation = YES;
				INFOPLIST_KEY_UISupportedInterfaceOrientations_iPad = "UIInterfaceOrientationPortrait UIInterfaceOrientationPortraitUpsideDown UIInterfaceOrientationLandscapeLeft UIInterfaceOrientationLandscapeRight";
				INFOPLIST_KEY_UISupportedInterfaceOrientations_iPhone = "UIInterfaceOrientationPortrait UIInterfaceOrientationLandscapeLeft UIInterfaceOrientationLandscapeRight";
				LD_RUNPATH_SEARCH_PATHS = (
					"$(inherited)",
					"@executable_path/Frameworks",
				);
				MARKETING_VERSION = 1.0;
				PRODUCT_BUNDLE_IDENTIFIER = com.Michael.TradingZone;
				PRODUCT_NAME = "$(TARGET_NAME)";
				SWIFT_EMIT_LOC_STRINGS = YES;
				SWIFT_VERSION = 5.0;
				TARGETED_DEVICE_FAMILY = "1,2";
			};
			name = Debug;
		};
		8EDA363C2D7FE28900879B46 /* Release */ = {
			isa = XCBuildConfiguration;
			buildSettings = {
				ASSETCATALOG_COMPILER_APPICON_NAME = AppIcon;
				ASSETCATALOG_COMPILER_GLOBAL_ACCENT_COLOR_NAME = AccentColor;
				CODE_SIGN_STYLE = Automatic;
				CURRENT_PROJECT_VERSION = 1;
				DEVELOPMENT_ASSET_PATHS = "\"Michael.TradingZone/Preview Content\"";
				DEVELOPMENT_TEAM = LY6CJ3S9TD;
				ENABLE_PREVIEWS = YES;
				GENERATE_INFOPLIST_FILE = YES;
				INFOPLIST_KEY_UIApplicationSceneManifest_Generation = YES;
				INFOPLIST_KEY_UIApplicationSupportsIndirectInputEvents = YES;
				INFOPLIST_KEY_UILaunchScreen_Generation = YES;
				INFOPLIST_KEY_UISupportedInterfaceOrientations_iPad = "UIInterfaceOrientationPortrait UIInterfaceOrientationPortraitUpsideDown UIInterfaceOrientationLandscapeLeft UIInterfaceOrientationLandscapeRight";
				INFOPLIST_KEY_UISupportedInterfaceOrientations_iPhone = "UIInterfaceOrientationPortrait UIInterfaceOrientationLandscapeLeft UIInterfaceOrientationLandscapeRight";
				LD_RUNPATH_SEARCH_PATHS = (
					"$(inherited)",
					"@executable_path/Frameworks",
				);
				MARKETING_VERSION = 1.0;
				PRODUCT_BUNDLE_IDENTIFIER = com.Michael.TradingZone;
				PRODUCT_NAME = "$(TARGET_NAME)";
				SWIFT_EMIT_LOC_STRINGS = YES;
				SWIFT_VERSION = 5.0;
				TARGETED_DEVICE_FAMILY = "1,2";
			};
			name = Release;
		};
		8EDA363E2D7FE28900879B46 /* Debug */ = {
			isa = XCBuildConfiguration;
			buildSettings = {
				BUNDLE_LOADER = "$(TEST_HOST)";
				CODE_SIGN_STYLE = Automatic;
				CURRENT_PROJECT_VERSION = 1;
				GENERATE_INFOPLIST_FILE = YES;
				IPHONEOS_DEPLOYMENT_TARGET = 18.2;
				MARKETING_VERSION = 1.0;
				PRODUCT_BUNDLE_IDENTIFIER = "temp.Michael-TradingZoneTests";
				PRODUCT_NAME = "$(TARGET_NAME)";
				SWIFT_EMIT_LOC_STRINGS = NO;
				SWIFT_VERSION = 5.0;
				TARGETED_DEVICE_FAMILY = "1,2";
				TEST_HOST = "$(BUILT_PRODUCTS_DIR)/Michael.TradingZone.app/$(BUNDLE_EXECUTABLE_FOLDER_PATH)/Michael.TradingZone";
			};
			name = Debug;
		};
		8EDA363F2D7FE28900879B46 /* Release */ = {
			isa = XCBuildConfiguration;
			buildSettings = {
				BUNDLE_LOADER = "$(TEST_HOST)";
				CODE_SIGN_STYLE = Automatic;
				CURRENT_PROJECT_VERSION = 1;
				GENERATE_INFOPLIST_FILE = YES;
				IPHONEOS_DEPLOYMENT_TARGET = 18.2;
				MARKETING_VERSION = 1.0;
				PRODUCT_BUNDLE_IDENTIFIER = "temp.Michael-TradingZoneTests";
				PRODUCT_NAME = "$(TARGET_NAME)";
				SWIFT_EMIT_LOC_STRINGS = NO;
				SWIFT_VERSION = 5.0;
				TARGETED_DEVICE_FAMILY = "1,2";
				TEST_HOST = "$(BUILT_PRODUCTS_DIR)/Michael.TradingZone.app/$(BUNDLE_EXECUTABLE_FOLDER_PATH)/Michael.TradingZone";
			};
			name = Release;
		};
		8EDA36412D7FE28900879B46 /* Debug */ = {
			isa = XCBuildConfiguration;
			buildSettings = {
				CODE_SIGN_STYLE = Automatic;
				CURRENT_PROJECT_VERSION = 1;
				GENERATE_INFOPLIST_FILE = YES;
				MARKETING_VERSION = 1.0;
				PRODUCT_BUNDLE_IDENTIFIER = "temp.Michael-TradingZoneUITests";
				PRODUCT_NAME = "$(TARGET_NAME)";
				SWIFT_EMIT_LOC_STRINGS = NO;
				SWIFT_VERSION = 5.0;
				TARGETED_DEVICE_FAMILY = "1,2";
				TEST_TARGET_NAME = Michael.TradingZone;
			};
			name = Debug;
		};
		8EDA36422D7FE28900879B46 /* Release */ = {
			isa = XCBuildConfiguration;
			buildSettings = {
				CODE_SIGN_STYLE = Automatic;
				CURRENT_PROJECT_VERSION = 1;
				GENERATE_INFOPLIST_FILE = YES;
				MARKETING_VERSION = 1.0;
				PRODUCT_BUNDLE_IDENTIFIER = "temp.Michael-TradingZoneUITests";
				PRODUCT_NAME = "$(TARGET_NAME)";
				SWIFT_EMIT_LOC_STRINGS = NO;
				SWIFT_VERSION = 5.0;
				TARGETED_DEVICE_FAMILY = "1,2";
				TEST_TARGET_NAME = Michael.TradingZone;
			};
			name = Release;
		};
/* End XCBuildConfiguration section */

/* Begin XCConfigurationList section */
		8EDA36112D7FE28700879B46 /* Build configuration list for PBXProject "Michael.TradingZone" */ = {
			isa = XCConfigurationList;
			buildConfigurations = (
				8EDA36382D7FE28900879B46 /* Debug */,
				8EDA36392D7FE28900879B46 /* Release */,
			);
			defaultConfigurationIsVisible = 0;
			defaultConfigurationName = Release;
		};
		8EDA363A2D7FE28900879B46 /* Build configuration list for PBXNativeTarget "Michael.TradingZone" */ = {
			isa = XCConfigurationList;
			buildConfigurations = (
				8EDA363B2D7FE28900879B46 /* Debug */,
				8EDA363C2D7FE28900879B46 /* Release */,
			);
			defaultConfigurationIsVisible = 0;
			defaultConfigurationName = Release;
		};
		8EDA363D2D7FE28900879B46 /* Build configuration list for PBXNativeTarget "Michael.TradingZoneTests" */ = {
			isa = XCConfigurationList;
			buildConfigurations = (
				8EDA363E2D7FE28900879B46 /* Debug */,
				8EDA363F2D7FE28900879B46 /* Release */,
			);
			defaultConfigurationIsVisible = 0;
			defaultConfigurationName = Release;
		};
		8EDA36402D7FE28900879B46 /* Build configuration list for PBXNativeTarget "Michael.TradingZoneUITests" */ = {
			isa = XCConfigurationList;
			buildConfigurations = (
				8EDA36412D7FE28900879B46 /* Debug */,
				8EDA36422D7FE28900879B46 /* Release */,
			);
			defaultConfigurationIsVisible = 0;
			defaultConfigurationName = Release;
		};
/* End XCConfigurationList section */
	};
	rootObject = 8EDA360E2D7FE28700879B46 /* Project object */;
}
